
Microsoft Visual Studio Solution File, Format Version 12.00
# Visual Studio Version 17
VisualStudioVersion = 17.0.31903.59
MinimumVisualStudioVersion = 10.0.40219.1
Project("{2150E333-8FDC-42A3-9474-1A3956D46DE8}") = "src", "src", "{827E0CD3-B72D-47B6-A68D-7590B98EB39B}"
EndProject
Project("{FAE04EC0-301F-11D3-BF4B-00C04F79EFBC}") = "DbSketch.Core", "src\DbSketch.Core\DbSketch.Core.csproj", "{C79800AD-DFDA-47D2-A2A4-75712201703A}"
EndProject
Project("{FAE04EC0-301F-11D3-BF4B-00C04F79EFBC}") = "DbSketch.Cli", "src\DbSketch.Cli\DbSketch.Cli.csproj", "{A2038F01-8E86-4E35-9113-D9B19127E6B7}"
EndProject
Project("{FAE04EC0-301F-11D3-BF4B-00C04F79EFBC}") = "DbSketch.SqlServer", "src\DbSketch.SqlServer\DbSketch.SqlServer.csproj", "{DA6C14BC-EBE1-48B2-B771-4B19963EB301}"
EndProject
Project("{FAE04EC0-301F-11D3-BF4B-00C04F79EFBC}") = "DbSketch.Postgres", "src\DbSketch.Postgres\DbSketch.Postgres.csproj", "{F263CEB1-E409-4768-9EC4-76E339E45F5B}"
EndProject
Project("{FAE04EC0-301F-11D3-BF4B-00C04F79EFBC}") = "DbSketch.MySql", "src\DbSketch.MySql\DbSketch.MySql.csproj", "{0084B8CE-0B22-4B07-87C3-9E5115BAD0F7}"
EndProject
Project("{2150E333-8FDC-42A3-9474-1A3956D46DE8}") = "tests", "tests", "{0AB3BF05-4346-4AA6-1389-037BE0695223}"
EndProject
Project("{FAE04EC0-301F-11D3-BF4B-00C04F79EFBC}") = "DbSketch.Tests", "tests\DbSketch.Tests\DbSketch.Tests.csproj", "{043D6A54-A703-4DB6-AFE6-0B91A8632652}"
EndProject
Global
	GlobalSection(SolutionConfigurationPlatforms) = preSolution
		Debug|Any CPU = Debug|Any CPU
		Debug|x64 = Debug|x64
		Debug|x86 = Debug|x86
		Release|Any CPU = Release|Any CPU
		Release|x64 = Release|x64
		Release|x86 = Release|x86
	EndGlobalSection
	GlobalSection(ProjectConfigurationPlatforms) = postSolution
		{C79800AD-DFDA-47D2-A2A4-75712201703A}.Debug|Any CPU.ActiveCfg = Debug|Any CPU
		{C79800AD-DFDA-47D2-A2A4-75712201703A}.Debug|Any CPU.Build.0 = Debug|Any CPU
		{C79800AD-DFDA-47D2-A2A4-75712201703A}.Debug|x64.ActiveCfg = Debug|Any CPU
		{C79800AD-DFDA-47D2-A2A4-75712201703A}.Debug|x64.Build.0 = Debug|Any CPU
		{C79800AD-DFDA-47D2-A2A4-75712201703A}.Debug|x86.ActiveCfg = Debug|Any CPU
		{C79800AD-DFDA-47D2-A2A4-75712201703A}.Debug|x86.Build.0 = Debug|Any CPU
		{C79800AD-DFDA-47D2-A2A4-75712201703A}.Release|Any CPU.ActiveCfg = Release|Any CPU
		{C79800AD-DFDA-47D2-A2A4-75712201703A}.Release|Any CPU.Build.0 = Release|Any CPU
		{C79800AD-DFDA-47D2-A2A4-75712201703A}.Release|x64.ActiveCfg = Release|Any CPU
		{C79800AD-DFDA-47D2-A2A4-75712201703A}.Release|x64.Build.0 = Release|Any CPU
		{C79800AD-DFDA-47D2-A2A4-75712201703A}.Release|x86.ActiveCfg = Release|Any CPU
		{C79800AD-DFDA-47D2-A2A4-75712201703A}.Release|x86.Build.0 = Release|Any CPU
		{A2038F01-8E86-4E35-9113-D9B19127E6B7}.Debug|Any CPU.ActiveCfg = Debug|Any CPU
		{A2038F01-8E86-4E35-9113-D9B19127E6B7}.Debug|Any CPU.Build.0 = Debug|Any CPU
		{A2038F01-8E86-4E35-9113-D9B19127E6B7}.Debug|x64.ActiveCfg = Debug|Any CPU
		{A2038F01-8E86-4E35-9113-D9B19127E6B7}.Debug|x64.Build.0 = Debug|Any CPU
		{A2038F01-8E86-4E35-9113-D9B19127E6B7}.Debug|x86.ActiveCfg = Debug|Any CPU
		{A2038F01-8E86-4E35-9113-D9B19127E6B7}.Debug|x86.Build.0 = Debug|Any CPU
		{A2038F01-8E86-4E35-9113-D9B19127E6B7}.Release|Any CPU.ActiveCfg = Release|Any CPU
		{A2038F01-8E86-4E35-9113-D9B19127E6B7}.Release|Any CPU.Build.0 = Release|Any CPU
		{A2038F01-8E86-4E35-9113-D9B19127E6B7}.Release|x64.ActiveCfg = Release|Any CPU
		{A2038F01-8E86-4E35-9113-D9B19127E6B7}.Release|x64.Build.0 = Release|Any CPU
		{A2038F01-8E86-4E35-9113-D9B19127E6B7}.Release|x86.ActiveCfg = Release|Any CPU
		{A2038F01-8E86-4E35-9113-D9B19127E6B7}.Release|x86.Build.0 = Release|Any CPU
		{DA6C14BC-EBE1-48B2-B771-4B19963EB301}.Debug|Any CPU.ActiveCfg = Debug|Any CPU
		{DA6C14BC-EBE1-48B2-B771-4B19963EB301}.Debug|Any CPU.Build.0 = Debug|Any CPU
		{DA6C14BC-EBE1-48B2-B771-4B19963EB301}.Debug|x64.ActiveCfg = Debug|Any CPU
		{DA6C14BC-EBE1-48B2-B771-4B19963EB301}.Debug|x64.Build.0 = Debug|Any CPU
		{DA6C14BC-EBE1-48B2-B771-4B19963EB301}.Debug|x86.ActiveCfg = Debug|Any CPU
		{DA6C14BC-EBE1-48B2-B771-4B19963EB301}.Debug|x86.Build.0 = Debug|Any CPU
		{DA6C14BC-EBE1-48B2-B771-4B19963EB301}.Release|Any CPU.ActiveCfg = Release|Any CPU
		{DA6C14BC-EBE1-48B2-B771-4B19963EB301}.Release|Any CPU.Build.0 = Release|Any CPU
		{DA6C14BC-EBE1-48B2-B771-4B19963EB301}.Release|x64.ActiveCfg = Release|Any CPU
		{DA6C14BC-EBE1-48B2-B771-4B19963EB301}.Release|x64.Build.0 = Release|Any CPU
		{DA6C14BC-EBE1-48B2-B771-4B19963EB301}.Release|x86.ActiveCfg = Release|Any CPU
		{DA6C14BC-EBE1-48B2-B771-4B19963EB301}.Release|x86.Build.0 = Release|Any CPU
		{F263CEB1-E409-4768-9EC4-76E339E45F5B}.Debug|Any CPU.ActiveCfg = Debug|Any CPU
		{F263CEB1-E409-4768-9EC4-76E339E45F5B}.Debug|Any CPU.Build.0 = Debug|Any CPU
		{F263CEB1-E409-4768-9EC4-76E339E45F5B}.Debug|x64.ActiveCfg = Debug|Any CPU
		{F263CEB1-E409-4768-9EC4-76E339E45F5B}.Debug|x64.Build.0 = Debug|Any CPU
		{F263CEB1-E409-4768-9EC4-76E339E45F5B}.Debug|x86.ActiveCfg = Debug|Any CPU
		{F263CEB1-E409-4768-9EC4-76E339E45F5B}.Debug|x86.Build.0 = Debug|Any CPU
		{F263CEB1-E409-4768-9EC4-76E339E45F5B}.Release|Any CPU.ActiveCfg = Release|Any CPU
		{F263CEB1-E409-4768-9EC4-76E339E45F5B}.Release|Any CPU.Build.0 = Release|Any CPU
		{F263CEB1-E409-4768-9EC4-76E339E45F5B}.Release|x64.ActiveCfg = Release|Any CPU
		{F263CEB1-E409-4768-9EC4-76E339E45F5B}.Release|x64.Build.0 = Release|Any CPU
		{F263CEB1-E409-4768-9EC4-76E339E45F5B}.Release|x86.ActiveCfg = Release|Any CPU
		{F263CEB1-E409-4768-9EC4-76E339E45F5B}.Release|x86.Build.0 = Release|Any CPU
		{0084B8CE-0B22-4B07-87C3-9E5115BAD0F7}.Debug|Any CPU.ActiveCfg = Debug|Any CPU
		{0084B8CE-0B22-4B07-87C3-9E5115BAD0F7}.Debug|Any CPU.Build.0 = Debug|Any CPU
		{0084B8CE-0B22-4B07-87C3-9E5115BAD0F7}.Debug|x64.ActiveCfg = Debug|Any CPU
		{0084B8CE-0B22-4B07-87C3-9E5115BAD0F7}.Debug|x64.Build.0 = Debug|Any CPU
		{0084B8CE-0B22-4B07-87C3-9E5115BAD0F7}.Debug|x86.ActiveCfg = Debug|Any CPU
		{0084B8CE-0B22-4B07-87C3-9E5115BAD0F7}.Debug|x86.Build.0 = Debug|Any CPU
		{0084B8CE-0B22-4B07-87C3-9E5115BAD0F7}.Release|Any CPU.ActiveCfg = Release|Any CPU
		{0084B8CE-0B22-4B07-87C3-9E5115BAD0F7}.Release|Any CPU.Build.0 = Release|Any CPU
		{0084B8CE-0B22-4B07-87C3-9E5115BAD0F7}.Release|x64.ActiveCfg = Release|Any CPU
		{0084B8CE-0B22-4B07-87C3-9E5115BAD0F7}.Release|x64.Build.0 = Release|Any CPU
		{0084B8CE-0B22-4B07-87C3-9E5115BAD0F7}.Release|x86.ActiveCfg = Release|Any CPU
		{0084B8CE-0B22-4B07-87C3-9E5115BAD0F7}.Release|x86.Build.0 = Release|Any CPU
		{043D6A54-A703-4DB6-AFE6-0B91A8632652}.Debug|Any CPU.ActiveCfg = Debug|Any CPU
		{043D6A54-A703-4DB6-AFE6-0B91A8632652}.Debug|Any CPU.Build.0 = Debug|Any CPU
		{043D6A54-A703-4DB6-AFE6-0B91A8632652}.Debug|x64.ActiveCfg = Debug|Any CPU
		{043D6A54-A703-4DB6-AFE6-0B91A8632652}.Debug|x64.Build.0 = Debug|Any CPU
		{043D6A54-A703-4DB6-AFE6-0B91A8632652}.Debug|x86.ActiveCfg = Debug|Any CPU
		{043D6A54-A703-4DB6-AFE6-0B91A8632652}.Debug|x86.Build.0 = Debug|Any CPU
		{043D6A54-A703-4DB6-AFE6-0B91A8632652}.Release|Any CPU.ActiveCfg = Release|Any CPU
		{043D6A54-A703-4DB6-AFE6-0B91A8632652}.Release|Any CPU.Build.0 = Release|Any CPU
		{043D6A54-A703-4DB6-AFE6-0B91A8632652}.Release|x64.ActiveCfg = Release|Any CPU
		{043D6A54-A703-4DB6-AFE6-0B91A8632652}.Release|x64.Build.0 = Release|Any CPU
		{043D6A54-A703-4DB6-AFE6-0B91A8632652}.Release|x86.ActiveCfg = Release|Any CPU
		{043D6A54-A703-4DB6-AFE6-0B91A8632652}.Release|x86.Build.0 = Release|Any CPU
	EndGlobalSection
	GlobalSection(SolutionProperties) = preSolution
		HideSolutionNode = FALSE
	EndGlobalSection
	GlobalSection(NestedProjects) = preSolution
		{C79800AD-DFDA-47D2-A2A4-75712201703A} = {827E0CD3-B72D-47B6-A68D-7590B98EB39B}
		{A2038F01-8E86-4E35-9113-D9B19127E6B7} = {827E0CD3-B72D-47B6-A68D-7590B98EB39B}
		{DA6C14BC-EBE1-48B2-B771-4B19963EB301} = {827E0CD3-B72D-47B6-A68D-7590B98EB39B}
		{F263CEB1-E409-4768-9EC4-76E339E45F5B} = {827E0CD3-B72D-47B6-A68D-7590B98EB39B}
		{0084B8CE-0B22-4B07-87C3-9E5115BAD0F7} = {827E0CD3-B72D-47B6-A68D-7590B98EB39B}
		{043D6A54-A703-4DB6-AFE6-0B91A8632652} = {0AB3BF05-4346-4AA6-1389-037BE0695223}
	EndGlobalSection
EndGlobal
